// !$*UTF8*$!
{
	archiveVersion = 1;
	classes = {
	};
	objectVersion = 50;
	objects = {

/* Begin PBXBuildFile section */
		221DD19D2723A4DF0020985F /* Double+.swift in Sources */ = {isa = PBXBuildFile; fileRef = 221DD19C2723A4DF0020985F /* Double+.swift */; };
		221DD1A52723A5DA0020985F /* IBGradientButton.swift in Sources */ = {isa = PBXBuildFile; fileRef = 221DD1A42723A5D10020985F /* IBGradientButton.swift */; };
		221DD1A82723A6650020985F /* Storyboarded.swift in Sources */ = {isa = PBXBuildFile; fileRef = 221DD1A72723A6650020985F /* Storyboarded.swift */; };
		221DD1C62726403D0020985F /* CountProductViewController.swift in Sources */ = {isa = PBXBuildFile; fileRef = 221DD1C52726403D0020985F /* CountProductViewController.swift */; };
		221DD1C92726436E0020985F /* SaveLoadProductManager.swift in Sources */ = {isa = PBXBuildFile; fileRef = 221DD1C82726436E0020985F /* SaveLoadProductManager.swift */; };
		221DD1CB272644B20020985F /* CanSaveLoadProduct.swift in Sources */ = {isa = PBXBuildFile; fileRef = 221DD1CA272644B20020985F /* CanSaveLoadProduct.swift */; };
		2233535E27239C72001CF987 /* AppDelegate.swift in Sources */ = {isa = PBXBuildFile; fileRef = 2233535D27239C72001CF987 /* AppDelegate.swift */; };
		2233536027239C72001CF987 /* SceneDelegate.swift in Sources */ = {isa = PBXBuildFile; fileRef = 2233535F27239C72001CF987 /* SceneDelegate.swift */; };
		2233536527239C72001CF987 /* Main.storyboard in Resources */ = {isa = PBXBuildFile; fileRef = 2233536327239C72001CF987 /* Main.storyboard */; };
		2233536727239C73001CF987 /* Assets.xcassets in Resources */ = {isa = PBXBuildFile; fileRef = 2233536627239C73001CF987 /* Assets.xcassets */; };
		2233536A27239C73001CF987 /* LaunchScreen.storyboard in Resources */ = {isa = PBXBuildFile; fileRef = 2233536827239C73001CF987 /* LaunchScreen.storyboard */; };
/* End PBXBuildFile section */

/* Begin PBXFileReference section */
		221DD19C2723A4DF0020985F /* Double+.swift */ = {isa = PBXFileReference; lastKnownFileType = sourcecode.swift; path = "Double+.swift"; sourceTree = "<group>"; };
		221DD1A42723A5D10020985F /* IBGradientButton.swift */ = {isa = PBXFileReference; lastKnownFileType = sourcecode.swift; path = IBGradientButton.swift; sourceTree = "<group>"; };
		221DD1A72723A6650020985F /* Storyboarded.swift */ = {isa = PBXFileReference; lastKnownFileType = sourcecode.swift; path = Storyboarded.swift; sourceTree = "<group>"; };
		221DD1C52726403D0020985F /* CountProductViewController.swift */ = {isa = PBXFileReference; lastKnownFileType = sourcecode.swift; path = CountProductViewController.swift; sourceTree = "<group>"; };
		221DD1C82726436E0020985F /* SaveLoadProductManager.swift */ = {isa = PBXFileReference; lastKnownFileType = sourcecode.swift; path = SaveLoadProductManager.swift; sourceTree = "<group>"; };
		221DD1CA272644B20020985F /* CanSaveLoadProduct.swift */ = {isa = PBXFileReference; lastKnownFileType = sourcecode.swift; path = CanSaveLoadProduct.swift; sourceTree = "<group>"; };
		2233535A27239C72001CF987 /* Shopping Cart.app */ = {isa = PBXFileReference; explicitFileType = wrapper.application; includeInIndex = 0; path = "Shopping Cart.app"; sourceTree = BUILT_PRODUCTS_DIR; };
		2233535D27239C72001CF987 /* AppDelegate.swift */ = {isa = PBXFileReference; lastKnownFileType = sourcecode.swift; path = AppDelegate.swift; sourceTree = "<group>"; };
		2233535F27239C72001CF987 /* SceneDelegate.swift */ = {isa = PBXFileReference; lastKnownFileType = sourcecode.swift; path = SceneDelegate.swift; sourceTree = "<group>"; };
		2233536427239C72001CF987 /* Base */ = {isa = PBXFileReference; lastKnownFileType = file.storyboard; name = Base; path = Base.lproj/Main.storyboard; sourceTree = "<group>"; };
		2233536627239C73001CF987 /* Assets.xcassets */ = {isa = PBXFileReference; lastKnownFileType = folder.assetcatalog; path = Assets.xcassets; sourceTree = "<group>"; };
		2233536927239C73001CF987 /* Base */ = {isa = PBXFileReference; lastKnownFileType = file.storyboard; name = Base; path = Base.lproj/LaunchScreen.storyboard; sourceTree = "<group>"; };
		2233536B27239C73001CF987 /* Info.plist */ = {isa = PBXFileReference; lastKnownFileType = text.plist.xml; path = Info.plist; sourceTree = "<group>"; };
/* End PBXFileReference section */

/* Begin PBXFrameworksBuildPhase section */
		2233535727239C72001CF987 /* Frameworks */ = {
			isa = PBXFrameworksBuildPhase;
			buildActionMask = 2147483647;
			files = (
			);
			runOnlyForDeploymentPostprocessing = 0;
		};
/* End PBXFrameworksBuildPhase section */

/* Begin PBXGroup section */
		221DD19B2723A4C60020985F /* Ext */ = {
			isa = PBXGroup;
			children = (
				221DD1A72723A6650020985F /* Storyboarded.swift */,
				221DD19C2723A4DF0020985F /* Double+.swift */,
			);
			path = Ext;
			sourceTree = "<group>";
		};
		221DD19E2723A59E0020985F /* Reusable View */ = {
			isa = PBXGroup;
			children = (
				221DD1A42723A5D10020985F /* IBGradientButton.swift */,
			);
			path = "Reusable View";
			sourceTree = "<group>";
		};
		221DD1C4272640200020985F /* Controllers */ = {
			isa = PBXGroup;
			children = (
				221DD1C52726403D0020985F /* CountProductViewController.swift */,
			);
			path = Controllers;
			sourceTree = "<group>";
		};
		221DD1C7272643600020985F /* Manager */ = {
			isa = PBXGroup;
			children = (
				221DD1CA272644B20020985F /* CanSaveLoadProduct.swift */,
				221DD1C82726436E0020985F /* SaveLoadProductManager.swift */,
			);
			path = Manager;
			sourceTree = "<group>";
		};
		2233535127239C72001CF987 = {
			isa = PBXGroup;
			children = (
				2233535C27239C72001CF987 /* Shopping Cart */,
				2233535B27239C72001CF987 /* Products */,
			);
			sourceTree = "<group>";
		};
		2233535B27239C72001CF987 /* Products */ = {
			isa = PBXGroup;
			children = (
				2233535A27239C72001CF987 /* Shopping Cart.app */,
			);
			name = Products;
			sourceTree = "<group>";
		};
		2233535C27239C72001CF987 /* Shopping Cart */ = {
			isa = PBXGroup;
			children = (
				2233535D27239C72001CF987 /* AppDelegate.swift */,
				2233535F27239C72001CF987 /* SceneDelegate.swift */,
				2233536327239C72001CF987 /* Main.storyboard */,
				221DD1C7272643600020985F /* Manager */,
				221DD1C4272640200020985F /* Controllers */,
				2233536627239C73001CF987 /* Assets.xcassets */,
				2233536827239C73001CF987 /* LaunchScreen.storyboard */,
				221DD19E2723A59E0020985F /* Reusable View */,
				221DD19B2723A4C60020985F /* Ext */,
				2233536B27239C73001CF987 /* Info.plist */,
			);
			path = "Shopping Cart";
			sourceTree = "<group>";
		};
/* End PBXGroup section */

/* Begin PBXNativeTarget section */
		2233535927239C72001CF987 /* Shopping Cart */ = {
			isa = PBXNativeTarget;
			buildConfigurationList = 2233536E27239C73001CF987 /* Build configuration list for PBXNativeTarget "Shopping Cart" */;
			buildPhases = (
				2233535627239C72001CF987 /* Sources */,
				2233535727239C72001CF987 /* Frameworks */,
				2233535827239C72001CF987 /* Resources */,
			);
			buildRules = (
			);
			dependencies = (
			);
			name = "Shopping Cart";
			productName = "Shopping Cart";
			productReference = 2233535A27239C72001CF987 /* Shopping Cart.app */;
			productType = "com.apple.product-type.application";
		};
/* End PBXNativeTarget section */

/* Begin PBXProject section */
		2233535227239C72001CF987 /* Project object */ = {
			isa = PBXProject;
			attributes = {
				LastSwiftUpdateCheck = 1250;
				LastUpgradeCheck = 1250;
				ORGANIZATIONNAME = "Vog App Developers";
				TargetAttributes = {
					2233535927239C72001CF987 = {
						CreatedOnToolsVersion = 12.5.1;
					};
				};
			};
			buildConfigurationList = 2233535527239C72001CF987 /* Build configuration list for PBXProject "Shopping Cart" */;
			compatibilityVersion = "Xcode 9.3";
			developmentRegion = en;
			hasScannedForEncodings = 0;
			knownRegions = (
				en,
				Base,
			);
			mainGroup = 2233535127239C72001CF987;
			productRefGroup = 2233535B27239C72001CF987 /* Products */;
			projectDirPath = "";
			projectRoot = "";
			targets = (
				2233535927239C72001CF987 /* Shopping Cart */,
			);
		};
/* End PBXProject section */

/* Begin PBXResourcesBuildPhase section */
		2233535827239C72001CF987 /* Resources */ = {
			isa = PBXResourcesBuildPhase;
			buildActionMask = 2147483647;
			files = (
				2233536A27239C73001CF987 /* LaunchScreen.storyboard in Resources */,
				2233536727239C73001CF987 /* Assets.xcassets in Resources */,
				2233536527239C72001CF987 /* Main.storyboard in Resources */,
			);
			runOnlyForDeploymentPostprocessing = 0;
		};
/* End PBXResourcesBuildPhase section */

/* Begin PBXSourcesBuildPhase section */
		2233535627239C72001CF987 /* Sources */ = {
			isa = PBXSourcesBuildPhase;
			buildActionMask = 2147483647;
			files = (
				2233535E27239C72001CF987 /* AppDelegate.swift in Sources */,
				221DD1A52723A5DA0020985F /* IBGradientButton.swift in Sources */,
				221DD1C62726403D0020985F /* CountProductViewController.swift in Sources */,
				221DD19D2723A4DF0020985F /* Double+.swift in Sources */,
				2233536027239C72001CF987 /* SceneDelegate.swift in Sources */,
				221DD1CB272644B20020985F /* CanSaveLoadProduct.swift in Sources */,
				221DD1A82723A6650020985F /* Storyboarded.swift in Sources */,
				221DD1C92726436E0020985F /* SaveLoadProductManager.swift in Sources */,
			);
			runOnlyForDeploymentPostprocessing = 0;
		};
/* End PBXSourcesBuildPhase section */

/* Begin PBXVariantGroup section */
		2233536327239C72001CF987 /* Main.storyboard */ = {
			isa = PBXVariantGroup;
			children = (
				2233536427239C72001CF987 /* Base */,
			);
			name = Main.storyboard;
			sourceTree = "<group>";
		};
		2233536827239C73001CF987 /* LaunchScreen.storyboard */ = {
			isa = PBXVariantGroup;
			children = (
				2233536927239C73001CF987 /* Base */,
			);
			name = LaunchScreen.storyboard;
			sourceTree = "<group>";
		};
/* End PBXVariantGroup section */

/* Begin XCBuildConfiguration section */
		2233536C27239C73001CF987 /* Debug */ = {
			isa = XCBuildConfiguration;
			buildSettings = {
				ALWAYS_SEARCH_USER_PATHS = NO;
				CLANG_ANALYZER_NONNULL = YES;
				CLANG_ANALYZER_NUMBER_OBJECT_CONVERSION = YES_AGGRESSIVE;
				CLANG_CXX_LANGUAGE_STANDARD = "gnu++14";
				CLANG_CXX_LIBRARY = "libc++";
				CLANG_ENABLE_MODULES = YES;
				CLANG_ENABLE_OBJC_ARC = YES;
				CLANG_ENABLE_OBJC_WEAK = YES;
				CLANG_WARN_BLOCK_CAPTURE_AUTORELEASING = YES;
				CLANG_WARN_BOOL_CONVERSION = YES;
				CLANG_WARN_COMMA = YES;
				CLANG_WARN_CONSTANT_CONVERSION = YES;
				CLANG_WARN_DEPRECATED_OBJC_IMPLEMENTATIONS = YES;
				CLANG_WARN_DIRECT_OBJC_ISA_USAGE = YES_ERROR;
				CLANG_WARN_DOCUMENTATION_COMMENTS = YES;
				CLANG_WARN_EMPTY_BODY = YES;
				CLANG_WARN_ENUM_CONVERSION = YES;
				CLANG_WARN_INFINITE_RECURSION = YES;
				CLANG_WARN_INT_CONVERSION = YES;
				CLANG_WARN_NON_LITERAL_NULL_CONVERSION = YES;
				CLANG_WARN_OBJC_IMPLICIT_RETAIN_SELF = YES;
				CLANG_WARN_OBJC_LITERAL_CONVERSION = YES;
				CLANG_WARN_OBJC_ROOT_CLASS = YES_ERROR;
				CLANG_WARN_QUOTED_INCLUDE_IN_FRAMEWORK_HEADER = YES;
				CLANG_WARN_RANGE_LOOP_ANALYSIS = YES;
				CLANG_WARN_STRICT_PROTOTYPES = YES;
				CLANG_WARN_SUSPICIOUS_MOVE = YES;
				CLANG_WARN_UNGUARDED_AVAILABILITY = YES_AGGRESSIVE;
				CLANG_WARN_UNREACHABLE_CODE = YES;
				CLANG_WARN__DUPLICATE_METHOD_MATCH = YES;
				COPY_PHASE_STRIP = NO;
				DEBUG_INFORMATION_FORMAT = dwarf;
				ENABLE_STRICT_OBJC_MSGSEND = YES;
				ENABLE_TESTABILITY = YES;
				GCC_C_LANGUAGE_STANDARD = gnu11;
				GCC_DYNAMIC_NO_PIC = NO;
				GCC_NO_COMMON_BLOCKS = YES;
				GCC_OPTIMIZATION_LEVEL = 0;
				GCC_PREPROCESSOR_DEFINITIONS = (
					"DEBUG=1",
					"$(inherited)",
				);
				GCC_WARN_64_TO_32_BIT_CONVERSION = YES;
				GCC_WARN_ABOUT_RETURN_TYPE = YES_ERROR;
				GCC_WARN_UNDECLARED_SELECTOR = YES;
				GCC_WARN_UNINITIALIZED_AUTOS = YES_AGGRESSIVE;
				GCC_WARN_UNUSED_FUNCTION = YES;
				GCC_WARN_UNUSED_VARIABLE = YES;
				IPHONEOS_DEPLOYMENT_TARGET = 14.5;
				MTL_ENABLE_DEBUG_INFO = INCLUDE_SOURCE;
				MTL_FAST_MATH = YES;
				ONLY_ACTIVE_ARCH = YES;
				SDKROOT = iphoneos;
				SWIFT_ACTIVE_COMPILATION_CONDITIONS = DEBUG;
				SWIFT_OPTIMIZATION_LEVEL = "-Onone";
			};
			name = Debug;
		};
		2233536D27239C73001CF987 /* Release */ = {
			isa = XCBuildConfiguration;
			buildSettings = {
				ALWAYS_SEARCH_USER_PATHS = NO;
				CLANG_ANALYZER_NONNULL = YES;
				CLANG_ANALYZER_NUMBER_OBJECT_CONVERSION = YES_AGGRESSIVE;
				CLANG_CXX_LANGUAGE_STANDARD = "gnu++14";
				CLANG_CXX_LIBRARY = "libc++";
				CLANG_ENABLE_MODULES = YES;
				CLANG_ENABLE_OBJC_ARC = YES;
				CLANG_ENABLE_OBJC_WEAK = YES;
				CLANG_WARN_BLOCK_CAPTURE_AUTORELEASING = YES;
				CLANG_WARN_BOOL_CONVERSION = YES;
				CLANG_WARN_COMMA = YES;
				CLANG_WARN_CONSTANT_CONVERSION = YES;
				CLANG_WARN_DEPRECATED_OBJC_IMPLEMENTATIONS = YES;
				CLANG_WARN_DIRECT_OBJC_ISA_USAGE = YES_ERROR;
				CLANG_WARN_DOCUMENTATION_COMMENTS = YES;
				CLANG_WARN_EMPTY_BODY = YES;
				CLANG_WARN_ENUM_CONVERSION = YES;
				CLANG_WARN_INFINITE_RECURSION = YES;
				CLANG_WARN_INT_CONVERSION = YES;
				CLANG_WARN_NON_LITERAL_NULL_CONVERSION = YES;
				CLANG_WARN_OBJC_IMPLICIT_RETAIN_SELF = YES;
				CLANG_WARN_OBJC_LITERAL_CONVERSION = YES;
				CLANG_WARN_OBJC_ROOT_CLASS = YES_ERROR;
				CLANG_WARN_QUOTED_INCLUDE_IN_FRAMEWORK_HEADER = YES;
				CLANG_WARN_RANGE_LOOP_ANALYSIS = YES;
				CLANG_WARN_STRICT_PROTOTYPES = YES;
				CLANG_WARN_SUSPICIOUS_MOVE = YES;
				CLANG_WARN_UNGUARDED_AVAILABILITY = YES_AGGRESSIVE;
				CLANG_WARN_UNREACHABLE_CODE = YES;
				CLANG_WARN__DUPLICATE_METHOD_MATCH = YES;
				COPY_PHASE_STRIP = NO;
				DEBUG_INFORMATION_FORMAT = "dwarf-with-dsym";
				ENABLE_NS_ASSERTIONS = NO;
				ENABLE_STRICT_OBJC_MSGSEND = YES;
				GCC_C_LANGUAGE_STANDARD = gnu11;
				GCC_NO_COMMON_BLOCKS = YES;
				GCC_WARN_64_TO_32_BIT_CONVERSION = YES;
				GCC_WARN_ABOUT_RETURN_TYPE = YES_ERROR;
				GCC_WARN_UNDECLARED_SELECTOR = YES;
				GCC_WARN_UNINITIALIZED_AUTOS = YES_AGGRESSIVE;
				GCC_WARN_UNUSED_FUNCTION = YES;
				GCC_WARN_UNUSED_VARIABLE = YES;
				IPHONEOS_DEPLOYMENT_TARGET = 14.5;
				MTL_ENABLE_DEBUG_INFO = NO;
				MTL_FAST_MATH = YES;
				SDKROOT = iphoneos;
				SWIFT_COMPILATION_MODE = wholemodule;
				SWIFT_OPTIMIZATION_LEVEL = "-O";
				VALIDATE_PRODUCT = YES;
			};
			name = Release;
		};
		2233536F27239C73001CF987 /* Debug */ = {
			isa = XCBuildConfiguration;
			buildSettings = {
				ASSETCATALOG_COMPILER_APPICON_NAME = AppIcon;
				ASSETCATALOG_COMPILER_GLOBAL_ACCENT_COLOR_NAME = AccentColor;
				CODE_SIGN_STYLE = Automatic;
				DEVELOPMENT_TEAM = 96U63CGYMR;
				INFOPLIST_FILE = "Shopping Cart/Info.plist";
				LD_RUNPATH_SEARCH_PATHS = (
					"$(inherited)",
					"@executable_path/Frameworks",
				);
				PRODUCT_BUNDLE_IDENTIFIER = "LittleBitEverything.Shopping-Cart";
				PRODUCT_NAME = "$(TARGET_NAME)";
				SWIFT_VERSION = 5.0;
				TARGETED_DEVICE_FAMILY = "1,2";
			};
			name = Debug;
		};
		2233537027239C73001CF987 /* Release */ = {
			isa = XCBuildConfiguration;
			buildSettings = {
				ASSETCATALOG_COMPILER_APPICON_NAME = AppIcon;
				ASSETCATALOG_COMPILER_GLOBAL_ACCENT_COLOR_NAME = AccentColor;
				CODE_SIGN_STYLE = Automatic;
				DEVELOPMENT_TEAM = 96U63CGYMR;
				INFOPLIST_FILE = "Shopping Cart/Info.plist";
				LD_RUNPATH_SEARCH_PATHS = (
					"$(inherited)",
					"@executable_path/Frameworks",
				);
				PRODUCT_BUNDLE_IDENTIFIER = "LittleBitEverything.Shopping-Cart";
				PRODUCT_NAME = "$(TARGET_NAME)";
				SWIFT_VERSION = 5.0;
				TARGETED_DEVICE_FAMILY = "1,2";
			};
			name = Release;
		};
/* End XCBuildConfiguration section */

/* Begin XCConfigurationList section */
		2233535527239C72001CF987 /* Build configuration list for PBXProject "Shopping Cart" */ = {
			isa = XCConfigurationList;
			buildConfigurations = (
				2233536C27239C73001CF987 /* Debug */,
				2233536D27239C73001CF987 /* Release */,
			);
			defaultConfigurationIsVisible = 0;
			defaultConfigurationName = Release;
		};
		2233536E27239C73001CF987 /* Build configuration list for PBXNativeTarget "Shopping Cart" */ = {
			isa = XCConfigurationList;
			buildConfigurations = (
				2233536F27239C73001CF987 /* Debug */,
				2233537027239C73001CF987 /* Release */,
			);
			defaultConfigurationIsVisible = 0;
			defaultConfigurationName = Release;
		};
/* End XCConfigurationList section */
	};
	rootObject = 2233535227239C72001CF987 /* Project object */;
}
